
Microsoft Visual Studio Solution File, Format Version 12.00
# Visual Studio Version 17
VisualStudioVersion = 17.8.34322.80
MinimumVisualStudioVersion = 10.0.40219.1
Project("{FAE04EC0-301F-11D3-BF4B-00C04F79EFBC}") = "GridGroupingControl_Demo", "GridGroupingControl_Demo.csproj", "{A291ABA3-3F95-499E-BAA3-124AA0635799}"
EndProject
Global
	GlobalSection(SolutionConfigurationPlatforms) = preSolution
		Debug|Any CPU = Debug|Any CPU
		Release|Any CPU = Release|Any CPU
	EndGlobalSection
	GlobalSection(ProjectConfigurationPlatforms) = postSolution
		{A291ABA3-3F95-499E-BAA3-124AA0635799}.Debug|Any CPU.ActiveCfg = Debug|Any CPU
		{A291ABA3-3F95-499E-BAA3-124AA0635799}.Debug|Any CPU.Build.0 = Debug|Any CPU
		{A291ABA3-3F95-499E-BAA3-124AA0635799}.Release|Any CPU.ActiveCfg = Release|Any CPU
		{A291ABA3-3F95-499E-BAA3-124AA0635799}.Release|Any CPU.Build.0 = Release|Any CPU
	EndGlobalSection
	GlobalSection(SolutionProperties) = preSolution
		HideSolutionNode = FALSE
	EndGlobalSection
	GlobalSection(ExtensibilityGlobals) = postSolution
		SolutionGuid = {99C84B5D-DB3A-4ABF-943E-145BA5E44F6E}
	EndGlobalSection
EndGlobal
